
Microsoft Visual Studio Solution File, Format Version 11.00
# Visual Studio 2010
Project("{FAE04EC0-301F-11D3-BF4B-00C04F79EFBC}") = "Assembly-CSharp", "Assembly-CSharp.csproj", "{8afa5c30-4898-9b48-77c8-2a6d4264439e}"
EndProject
Project("{FAE04EC0-301F-11D3-BF4B-00C04F79EFBC}") = "Assembly-CSharp-Editor", "Assembly-CSharp-Editor.csproj", "{69b7d1c4-eddc-e2a1-0761-db07b9022ce2}"
EndProject
Global
	GlobalSection(SolutionConfigurationPlatforms) = preSolution
		Debug|Any CPU = Debug|Any CPU
		Release|Any CPU = Release|Any CPU
	EndGlobalSection
	GlobalSection(ProjectConfigurationPlatforms) = postSolution
		{8afa5c30-4898-9b48-77c8-2a6d4264439e}.Debug|Any CPU.ActiveCfg = Debug|Any CPU
		{8afa5c30-4898-9b48-77c8-2a6d4264439e}.Debug|Any CPU.Build.0 = Debug|Any CPU
		{69b7d1c4-eddc-e2a1-0761-db07b9022ce2}.Debug|Any CPU.ActiveCfg = Debug|Any CPU
		{69b7d1c4-eddc-e2a1-0761-db07b9022ce2}.Debug|Any CPU.Build.0 = Debug|Any CPU
	EndGlobalSection
	GlobalSection(SolutionProperties) = preSolution
		HideSolutionNode = FALSE
	EndGlobalSection
EndGlobal
